
Microsoft Visual Studio Solution File, Format Version 12.00
# Visual Studio Version 16
VisualStudioVersion = 16.0.33423.256
MinimumVisualStudioVersion = 10.0.40219.1
Project("{FAE04EC0-301F-11D3-BF4B-00C04F79EFBC}") = "ExfixaçãoException01", "ExfixaçãoException01\ExfixaçãoException01.csproj", "{53744066-C84C-4F84-A149-C3B556D229EE}"
EndProject
Global
	GlobalSection(SolutionConfigurationPlatforms) = preSolution
		Debug|Any CPU = Debug|Any CPU
		Release|Any CPU = Release|Any CPU
	EndGlobalSection
	GlobalSection(ProjectConfigurationPlatforms) = postSolution
		{53744066-C84C-4F84-A149-C3B556D229EE}.Debug|Any CPU.ActiveCfg = Debug|Any CPU
		{53744066-C84C-4F84-A149-C3B556D229EE}.Debug|Any CPU.Build.0 = Debug|Any CPU
		{53744066-C84C-4F84-A149-C3B556D229EE}.Release|Any CPU.ActiveCfg = Release|Any CPU
		{53744066-C84C-4F84-A149-C3B556D229EE}.Release|Any CPU.Build.0 = Release|Any CPU
	EndGlobalSection
	GlobalSection(SolutionProperties) = preSolution
		HideSolutionNode = FALSE
	EndGlobalSection
	GlobalSection(ExtensibilityGlobals) = postSolution
		SolutionGuid = {A327973A-4ADA-43B3-AAE9-B8864695F530}
	EndGlobalSection
EndGlobal
