
Microsoft Visual Studio Solution File, Format Version 12.00
# Visual Studio Version 16
VisualStudioVersion = 16.0.33423.256
MinimumVisualStudioVersion = 10.0.40219.1
Project("{FAE04EC0-301F-11D3-BF4B-00C04F79EFBC}") = "ExPolimorfismo02", "ExPolimorfismo02\ExPolimorfismo02.csproj", "{CC5C4994-3AE0-4DD6-BF68-F70A796F8E74}"
EndProject
Global
	GlobalSection(SolutionConfigurationPlatforms) = preSolution
		Debug|Any CPU = Debug|Any CPU
		Release|Any CPU = Release|Any CPU
	EndGlobalSection
	GlobalSection(ProjectConfigurationPlatforms) = postSolution
		{CC5C4994-3AE0-4DD6-BF68-F70A796F8E74}.Debug|Any CPU.ActiveCfg = Debug|Any CPU
		{CC5C4994-3AE0-4DD6-BF68-F70A796F8E74}.Debug|Any CPU.Build.0 = Debug|Any CPU
		{CC5C4994-3AE0-4DD6-BF68-F70A796F8E74}.Release|Any CPU.ActiveCfg = Release|Any CPU
		{CC5C4994-3AE0-4DD6-BF68-F70A796F8E74}.Release|Any CPU.Build.0 = Release|Any CPU
	EndGlobalSection
	GlobalSection(SolutionProperties) = preSolution
		HideSolutionNode = FALSE
	EndGlobalSection
	GlobalSection(ExtensibilityGlobals) = postSolution
		SolutionGuid = {644F86EA-2E5B-4C45-876F-47C6495C9B5B}
	EndGlobalSection
EndGlobal
