
Microsoft Visual Studio Solution File, Format Version 12.00
# Visual Studio Version 16
VisualStudioVersion = 16.0.33423.256
MinimumVisualStudioVersion = 10.0.40219.1
Project("{FAE04EC0-301F-11D3-BF4B-00C04F79EFBC}") = "AulaFinally", "AulaFinally\AulaFinally.csproj", "{FA053554-D2C1-494E-8349-E75F9A2DCACC}"
EndProject
Global
	GlobalSection(SolutionConfigurationPlatforms) = preSolution
		Debug|Any CPU = Debug|Any CPU
		Release|Any CPU = Release|Any CPU
	EndGlobalSection
	GlobalSection(ProjectConfigurationPlatforms) = postSolution
		{FA053554-D2C1-494E-8349-E75F9A2DCACC}.Debug|Any CPU.ActiveCfg = Debug|Any CPU
		{FA053554-D2C1-494E-8349-E75F9A2DCACC}.Debug|Any CPU.Build.0 = Debug|Any CPU
		{FA053554-D2C1-494E-8349-E75F9A2DCACC}.Release|Any CPU.ActiveCfg = Release|Any CPU
		{FA053554-D2C1-494E-8349-E75F9A2DCACC}.Release|Any CPU.Build.0 = Release|Any CPU
	EndGlobalSection
	GlobalSection(SolutionProperties) = preSolution
		HideSolutionNode = FALSE
	EndGlobalSection
	GlobalSection(ExtensibilityGlobals) = postSolution
		SolutionGuid = {74EB5E1F-8222-407A-B253-A86C4DC4F2EF}
	EndGlobalSection
EndGlobal
